<?xml version="1.0" encoding="utf-8"?>
<Project ToolsVersion="4.0" xmlns="http://schemas.microsoft.com/developer/msbuild/2003">
  <ItemGroup>
    <Filter Include="소스 파일">
      <UniqueIdentifier>{4FC737F1-C7A5-4376-A066-2A32D752A2FF}</UniqueIdentifier>
      <Extensions>cpp;c;cc;cxx;c++;cppm;ixx;def;odl;idl;hpj;bat;asm;asmx</Extensions>
    </Filter>
    <Filter Include="헤더 파일">
      <UniqueIdentifier>{93995380-89BD-4b04-88EB-625FBE52EBFB}</UniqueIdentifier>
      <Extensions>h;hh;hpp;hxx;h++;hm;inl;inc;ipp;xsd</Extensions>
    </Filter>
    <Filter Include="소스 파일\Core">
      <UniqueIdentifier>{bffdf811-37d8-461c-b09f-c7bbe1b238f6}</UniqueIdentifier>
    </Filter>
    <Filter Include="소스 파일\GDI">
      <UniqueIdentifier>{344de40e-a8f4-44e1-927d-4818ac4613cd}</UniqueIdentifier>
    </Filter>
    <Filter Include="소스 파일\Define">
      <UniqueIdentifier>{0545713c-a530-46c4-8db3-4c1851fabd32}</UniqueIdentifier>
    </Filter>
    <Filter Include="소스 파일\Input">
      <UniqueIdentifier>{a63f9474-6520-4e54-b6d8-528ad1690ec6}</UniqueIdentifier>
    </Filter>
    <Filter Include="소스 파일\Bitmap">
      <UniqueIdentifier>{c1ce7e66-f9d6-4a4f-8dae-ae34064af833}</UniqueIdentifier>
    </Filter>
    <Filter Include="소스 파일\Engine">
      <UniqueIdentifier>{518123c0-2b58-4e66-9916-bd4ee08fe447}</UniqueIdentifier>
    </Filter>
    <Filter Include="소스 파일\Write">
      <UniqueIdentifier>{53aa0c79-7c99-4060-801e-3598b42b8081}</UniqueIdentifier>
    </Filter>
    <Filter Include="리소스 파일">
      <UniqueIdentifier>{67DA6AB6-F800-4c08-8B7A-83BB121AAD01}</UniqueIdentifier>
      <Extensions>rc;ico;cur;bmp;dlg;rc2;rct;bin;rgs;gif;jpg;jpeg;jpe;resx;tiff;tif;png;wav;mfcribbon-ms</Extensions>
    </Filter>
    <Filter Include="소스 파일\Time">
      <UniqueIdentifier>{e185771c-606f-4ac6-96a7-4a46850ee1c5}</UniqueIdentifier>
    </Filter>
    <Filter Include="소스 파일\Renderer">
      <UniqueIdentifier>{0ee31874-5bd3-4ab0-9edc-18861af6e097}</UniqueIdentifier>
    </Filter>
  </ItemGroup>
  <ItemGroup>
    <ClInclude Include="D2dCore.h">
      <Filter>소스 파일\Core</Filter>
    </ClInclude>
    <ClInclude Include="D2DGDI.h">
      <Filter>소스 파일\GDI</Filter>
    </ClInclude>
    <ClInclude Include="pch.h">
      <Filter>헤더 파일</Filter>
    </ClInclude>
    <ClInclude Include="D2DDefine.h">
      <Filter>소스 파일\Define</Filter>
    </ClInclude>
    <ClInclude Include="Input.h">
      <Filter>소스 파일\Input</Filter>
    </ClInclude>
    <ClInclude Include="D2dEngine.h">
      <Filter>소스 파일\Engine</Filter>
    </ClInclude>
    <ClInclude Include="D2DBitmap.h">
      <Filter>소스 파일\Bitmap</Filter>
    </ClInclude>
    <ClInclude Include="D2DWrite.h">
      <Filter>소스 파일\Write</Filter>
    </ClInclude>
    <ClInclude Include="TimeController.h">
      <Filter>소스 파일\Time</Filter>
    </ClInclude>
    <ClInclude Include="SpriteRenderer.h">
      <Filter>소스 파일\Renderer</Filter>
    </ClInclude>
    <ClInclude Include="Singleton.h">
      <Filter>헤더 파일</Filter>
    </ClInclude>
  </ItemGroup>
  <ItemGroup>
    <ClCompile Include="D2dCore.cpp">
      <Filter>소스 파일\Core</Filter>
    </ClCompile>
    <ClCompile Include="D2DGDI.cpp">
      <Filter>소스 파일\GDI</Filter>
    </ClCompile>
    <ClCompile Include="pch.cpp">
      <Filter>소스 파일</Filter>
    </ClCompile>
    <ClCompile Include="Input.cpp">
      <Filter>소스 파일\Input</Filter>
    </ClCompile>
    <ClCompile Include="D2dEngine.cpp">
      <Filter>소스 파일\Engine</Filter>
    </ClCompile>
    <ClCompile Include="D2DBitmap.cpp">
      <Filter>소스 파일\Bitmap</Filter>
    </ClCompile>
    <ClCompile Include="D2DWrite.cpp">
      <Filter>소스 파일\Write</Filter>
    </ClCompile>
    <ClCompile Include="TimeController.cpp">
      <Filter>소스 파일\Time</Filter>
    </ClCompile>
    <ClCompile Include="SpriteRenderer.cpp">
      <Filter>소스 파일\Renderer</Filter>
    </ClCompile>
    <ClCompile Include="D2DDefine.cpp">
      <Filter>소스 파일\Define</Filter>
    </ClCompile>
  </ItemGroup>
  <ItemGroup>
    <None Include="ClassDiagram.cd" />
  </ItemGroup>
</Project>