
Microsoft Visual Studio Solution File, Format Version 12.00
# Visual Studio Version 16
VisualStudioVersion = 16.0.30804.86
MinimumVisualStudioVersion = 10.0.40219.1
Project("{8BC9CEB8-8B4A-11D0-8D11-00A0C91BC942}") = "D2d_Demo", "D2d_Demo\D2d_Demo.vcxproj", "{4CC96159-EA48-422F-B102-134B20758A9F}"
	ProjectSection(ProjectDependencies) = postProject
		{88A5145A-1E6B-497F-8DE5-1EC5C7B1DEDB} = {88A5145A-1E6B-497F-8DE5-1EC5C7B1DEDB}
	EndProjectSection
EndProject
Project("{8BC9CEB8-8B4A-11D0-8D11-00A0C91BC942}") = "D2d_Engine", "D2d_Engine\D2d_Engine.vcxproj", "{88A5145A-1E6B-497F-8DE5-1EC5C7B1DEDB}"
EndProject
Project("{8BC9CEB8-8B4A-11D0-8D11-00A0C91BC942}") = "Unlucky", "Unlucky\Unlucky.vcxproj", "{B5C472C7-016E-46BC-ADE4-E9CDCB073349}"
	ProjectSection(ProjectDependencies) = postProject
		{88A5145A-1E6B-497F-8DE5-1EC5C7B1DEDB} = {88A5145A-1E6B-497F-8DE5-1EC5C7B1DEDB}
	EndProjectSection
EndProject
Global
	GlobalSection(SolutionConfigurationPlatforms) = preSolution
		Debug|x64 = Debug|x64
		Debug|x86 = Debug|x86
		Release|x64 = Release|x64
		Release|x86 = Release|x86
	EndGlobalSection
	GlobalSection(ProjectConfigurationPlatforms) = postSolution
		{4CC96159-EA48-422F-B102-134B20758A9F}.Debug|x64.ActiveCfg = Debug|x64
		{4CC96159-EA48-422F-B102-134B20758A9F}.Debug|x64.Build.0 = Debug|x64
		{4CC96159-EA48-422F-B102-134B20758A9F}.Debug|x86.ActiveCfg = Debug|Win32
		{4CC96159-EA48-422F-B102-134B20758A9F}.Debug|x86.Build.0 = Debug|Win32
		{4CC96159-EA48-422F-B102-134B20758A9F}.Release|x64.ActiveCfg = Release|x64
		{4CC96159-EA48-422F-B102-134B20758A9F}.Release|x64.Build.0 = Release|x64
		{4CC96159-EA48-422F-B102-134B20758A9F}.Release|x86.ActiveCfg = Release|Win32
		{4CC96159-EA48-422F-B102-134B20758A9F}.Release|x86.Build.0 = Release|Win32
		{88A5145A-1E6B-497F-8DE5-1EC5C7B1DEDB}.Debug|x64.ActiveCfg = Debug|x64
		{88A5145A-1E6B-497F-8DE5-1EC5C7B1DEDB}.Debug|x64.Build.0 = Debug|x64
		{88A5145A-1E6B-497F-8DE5-1EC5C7B1DEDB}.Debug|x86.ActiveCfg = Debug|Win32
		{88A5145A-1E6B-497F-8DE5-1EC5C7B1DEDB}.Debug|x86.Build.0 = Debug|Win32
		{88A5145A-1E6B-497F-8DE5-1EC5C7B1DEDB}.Release|x64.ActiveCfg = Release|x64
		{88A5145A-1E6B-497F-8DE5-1EC5C7B1DEDB}.Release|x64.Build.0 = Release|x64
		{88A5145A-1E6B-497F-8DE5-1EC5C7B1DEDB}.Release|x86.ActiveCfg = Release|Win32
		{88A5145A-1E6B-497F-8DE5-1EC5C7B1DEDB}.Release|x86.Build.0 = Release|Win32
		{B5C472C7-016E-46BC-ADE4-E9CDCB073349}.Debug|x64.ActiveCfg = Debug|x64
		{B5C472C7-016E-46BC-ADE4-E9CDCB073349}.Debug|x64.Build.0 = Debug|x64
		{B5C472C7-016E-46BC-ADE4-E9CDCB073349}.Debug|x86.ActiveCfg = Debug|Win32
		{B5C472C7-016E-46BC-ADE4-E9CDCB073349}.Debug|x86.Build.0 = Debug|Win32
		{B5C472C7-016E-46BC-ADE4-E9CDCB073349}.Release|x64.ActiveCfg = Release|x64
		{B5C472C7-016E-46BC-ADE4-E9CDCB073349}.Release|x64.Build.0 = Release|x64
		{B5C472C7-016E-46BC-ADE4-E9CDCB073349}.Release|x86.ActiveCfg = Release|Win32
		{B5C472C7-016E-46BC-ADE4-E9CDCB073349}.Release|x86.Build.0 = Release|Win32
	EndGlobalSection
	GlobalSection(SolutionProperties) = preSolution
		HideSolutionNode = FALSE
	EndGlobalSection
	GlobalSection(ExtensibilityGlobals) = postSolution
		SolutionGuid = {341D46BD-CD61-4B1B-AF18-3080F7C5C324}
	EndGlobalSection
EndGlobal
